
Microsoft Visual Studio Solution File, Format Version 12.00
# Visual Studio Version 17
VisualStudioVersion = 17.7.34018.315
MinimumVisualStudioVersion = 10.0.40219.1
Project("{2150E333-8FDC-42A3-9474-1A3956D46DE8}") = "Src", "Src", "{CF484B70-6562-47F4-981A-15E5A939C1D2}"
EndProject
Project("{2150E333-8FDC-42A3-9474-1A3956D46DE8}") = "01-Domain", "01-Domain", "{6AE16128-25C7-4024-903E-838EFAB0FF1A}"
EndProject
Project("{2150E333-8FDC-42A3-9474-1A3956D46DE8}") = "02-Infrastructures", "02-Infrastructures", "{9AC3AD7B-8858-4BD8-8C10-75FE38E321A2}"
EndProject
Project("{2150E333-8FDC-42A3-9474-1A3956D46DE8}") = "03-EndPoints", "03-EndPoints", "{9D9F8954-F0CF-42AA-80BB-11A0D3AC9376}"
EndProject
Project("{2150E333-8FDC-42A3-9474-1A3956D46DE8}") = "Core", "Core", "{EDFCDB35-32A4-41BE-9D54-89A22B3FFA73}"
EndProject
Project("{2150E333-8FDC-42A3-9474-1A3956D46DE8}") = "Services", "Services", "{0BD45490-1D67-4D0B-8989-3CA0CD0CB5F7}"
EndProject
Project("{2150E333-8FDC-42A3-9474-1A3956D46DE8}") = "DataAccess", "DataAccess", "{7FEA41D8-A47F-47A0-A058-BE74E81421C4}"
EndProject
Project("{2150E333-8FDC-42A3-9474-1A3956D46DE8}") = "Db", "Db", "{BF252BA7-EF2B-484B-A39F-0838E52BCED6}"
EndProject
Project("{9A19103F-16F7-4668-BE54-9A1E7A4F7556}") = "App.Domain.Core", "App.Domain.Core\App.Domain.Core.csproj", "{A1F07DE9-2CCB-4002-8882-EC7891E96EEF}"
EndProject
Project("{9A19103F-16F7-4668-BE54-9A1E7A4F7556}") = "App.Infa.Data.Db.SqlServer.Ef", "App.Infa.Data.Db.SqlServer.Ef\App.Infa.Data.Db.SqlServer.Ef.csproj", "{E04D5997-B806-4C94-9992-DC307BEF8BA6}"
EndProject
Project("{9A19103F-16F7-4668-BE54-9A1E7A4F7556}") = "App.EndPoint.MVC", "App.EndPoint.MVC\App.EndPoint.MVC.csproj", "{B6FBE91F-32C2-45DA-BA8F-84C9B5746A78}"
	ProjectSection(ProjectDependencies) = postProject
		{07C8E722-9CF3-4EDE-8E98-D8987A09F6B0} = {07C8E722-9CF3-4EDE-8E98-D8987A09F6B0}
		{A1F07DE9-2CCB-4002-8882-EC7891E96EEF} = {A1F07DE9-2CCB-4002-8882-EC7891E96EEF}
		{E04D5997-B806-4C94-9992-DC307BEF8BA6} = {E04D5997-B806-4C94-9992-DC307BEF8BA6}
	EndProjectSection
EndProject
Project("{9A19103F-16F7-4668-BE54-9A1E7A4F7556}") = "App.Infra.Data.Repos.Ef", "App.Infra.Data.Repos.Ef\App.Infra.Data.Repos.Ef.csproj", "{F2761817-4715-4134-82C2-939CC1DBBFB2}"
EndProject
Project("{9A19103F-16F7-4668-BE54-9A1E7A4F7556}") = "App.Domain.AppServices", "App.Domain.AppServices\App.Domain.AppServices.csproj", "{07C8E722-9CF3-4EDE-8E98-D8987A09F6B0}"
EndProject
Project("{9A19103F-16F7-4668-BE54-9A1E7A4F7556}") = "App.Domain.Services", "App.Domain.Services\App.Domain.Services.csproj", "{D3EF5530-B7B8-4F61-8C8A-92B50BF27A3F}"
EndProject
Global
	GlobalSection(SolutionConfigurationPlatforms) = preSolution
		Debug|Any CPU = Debug|Any CPU
		Release|Any CPU = Release|Any CPU
	EndGlobalSection
	GlobalSection(ProjectConfigurationPlatforms) = postSolution
		{A1F07DE9-2CCB-4002-8882-EC7891E96EEF}.Debug|Any CPU.ActiveCfg = Debug|Any CPU
		{A1F07DE9-2CCB-4002-8882-EC7891E96EEF}.Debug|Any CPU.Build.0 = Debug|Any CPU
		{A1F07DE9-2CCB-4002-8882-EC7891E96EEF}.Release|Any CPU.ActiveCfg = Release|Any CPU
		{A1F07DE9-2CCB-4002-8882-EC7891E96EEF}.Release|Any CPU.Build.0 = Release|Any CPU
		{E04D5997-B806-4C94-9992-DC307BEF8BA6}.Debug|Any CPU.ActiveCfg = Debug|Any CPU
		{E04D5997-B806-4C94-9992-DC307BEF8BA6}.Debug|Any CPU.Build.0 = Debug|Any CPU
		{E04D5997-B806-4C94-9992-DC307BEF8BA6}.Release|Any CPU.ActiveCfg = Release|Any CPU
		{E04D5997-B806-4C94-9992-DC307BEF8BA6}.Release|Any CPU.Build.0 = Release|Any CPU
		{B6FBE91F-32C2-45DA-BA8F-84C9B5746A78}.Debug|Any CPU.ActiveCfg = Debug|Any CPU
		{B6FBE91F-32C2-45DA-BA8F-84C9B5746A78}.Debug|Any CPU.Build.0 = Debug|Any CPU
		{B6FBE91F-32C2-45DA-BA8F-84C9B5746A78}.Release|Any CPU.ActiveCfg = Release|Any CPU
		{B6FBE91F-32C2-45DA-BA8F-84C9B5746A78}.Release|Any CPU.Build.0 = Release|Any CPU
		{F2761817-4715-4134-82C2-939CC1DBBFB2}.Debug|Any CPU.ActiveCfg = Debug|Any CPU
		{F2761817-4715-4134-82C2-939CC1DBBFB2}.Debug|Any CPU.Build.0 = Debug|Any CPU
		{F2761817-4715-4134-82C2-939CC1DBBFB2}.Release|Any CPU.ActiveCfg = Release|Any CPU
		{F2761817-4715-4134-82C2-939CC1DBBFB2}.Release|Any CPU.Build.0 = Release|Any CPU
		{07C8E722-9CF3-4EDE-8E98-D8987A09F6B0}.Debug|Any CPU.ActiveCfg = Debug|Any CPU
		{07C8E722-9CF3-4EDE-8E98-D8987A09F6B0}.Debug|Any CPU.Build.0 = Debug|Any CPU
		{07C8E722-9CF3-4EDE-8E98-D8987A09F6B0}.Release|Any CPU.ActiveCfg = Release|Any CPU
		{07C8E722-9CF3-4EDE-8E98-D8987A09F6B0}.Release|Any CPU.Build.0 = Release|Any CPU
		{D3EF5530-B7B8-4F61-8C8A-92B50BF27A3F}.Debug|Any CPU.ActiveCfg = Debug|Any CPU
		{D3EF5530-B7B8-4F61-8C8A-92B50BF27A3F}.Debug|Any CPU.Build.0 = Debug|Any CPU
		{D3EF5530-B7B8-4F61-8C8A-92B50BF27A3F}.Release|Any CPU.ActiveCfg = Release|Any CPU
		{D3EF5530-B7B8-4F61-8C8A-92B50BF27A3F}.Release|Any CPU.Build.0 = Release|Any CPU
	EndGlobalSection
	GlobalSection(SolutionProperties) = preSolution
		HideSolutionNode = FALSE
	EndGlobalSection
	GlobalSection(NestedProjects) = preSolution
		{6AE16128-25C7-4024-903E-838EFAB0FF1A} = {CF484B70-6562-47F4-981A-15E5A939C1D2}
		{9AC3AD7B-8858-4BD8-8C10-75FE38E321A2} = {CF484B70-6562-47F4-981A-15E5A939C1D2}
		{9D9F8954-F0CF-42AA-80BB-11A0D3AC9376} = {CF484B70-6562-47F4-981A-15E5A939C1D2}
		{EDFCDB35-32A4-41BE-9D54-89A22B3FFA73} = {6AE16128-25C7-4024-903E-838EFAB0FF1A}
		{0BD45490-1D67-4D0B-8989-3CA0CD0CB5F7} = {6AE16128-25C7-4024-903E-838EFAB0FF1A}
		{7FEA41D8-A47F-47A0-A058-BE74E81421C4} = {9AC3AD7B-8858-4BD8-8C10-75FE38E321A2}
		{BF252BA7-EF2B-484B-A39F-0838E52BCED6} = {9AC3AD7B-8858-4BD8-8C10-75FE38E321A2}
		{A1F07DE9-2CCB-4002-8882-EC7891E96EEF} = {EDFCDB35-32A4-41BE-9D54-89A22B3FFA73}
		{E04D5997-B806-4C94-9992-DC307BEF8BA6} = {BF252BA7-EF2B-484B-A39F-0838E52BCED6}
		{B6FBE91F-32C2-45DA-BA8F-84C9B5746A78} = {9D9F8954-F0CF-42AA-80BB-11A0D3AC9376}
		{F2761817-4715-4134-82C2-939CC1DBBFB2} = {7FEA41D8-A47F-47A0-A058-BE74E81421C4}
		{07C8E722-9CF3-4EDE-8E98-D8987A09F6B0} = {0BD45490-1D67-4D0B-8989-3CA0CD0CB5F7}
		{D3EF5530-B7B8-4F61-8C8A-92B50BF27A3F} = {0BD45490-1D67-4D0B-8989-3CA0CD0CB5F7}
	EndGlobalSection
	GlobalSection(ExtensibilityGlobals) = postSolution
		SolutionGuid = {805A8082-1E16-45EF-927D-3CEB9C014220}
	EndGlobalSection
EndGlobal
